
Microsoft Visual Studio Solution File, Format Version 10.00
# Visual Studio 2008
Project("{8BC9CEB8-8B4A-11D0-8D11-00A0C91BC942}") = "KedaWeiBoAPI", "KedaWeiBoAPI.vcproj", "{06F4DBC6-3711-48CE-B2CF-5824018BC72C}"
EndProject
Project("{8BC9CEB8-8B4A-11D0-8D11-00A0C91BC942}") = "WeiBo_VC90", "..\..\weibolib\prj_win32\libWeiBo_VS2008.vcproj", "{6AA1F0B5-8235-4C5E-AF10-AC905963F36D}"
EndProject
Project("{8BC9CEB8-8B4A-11D0-8D11-00A0C91BC942}") = "Http_VC90", "..\..\httplib\prj_win32\libHttp-2008.vcproj", "{3EED7235-2F4E-4D98-9408-74F1ED102689}"
EndProject
Project("{8BC9CEB8-8B4A-11D0-8D11-00A0C91BC942}") = "Curllib_7.21.1_VC90", "..\..\curllib\prj_win32\curllib_VS2008.vcproj", "{8CA5BEF4-265F-4544-90F3-5C41D4D55C15}"
EndProject
Global
	GlobalSection(SolutionConfigurationPlatforms) = preSolution
		DLL Debug|Win32 = DLL Debug|Win32
		DLL Release|Win32 = DLL Release|Win32
		Lib Debug|Win32 = Lib Debug|Win32
		Lib Release|Win32 = Lib Release|Win32
	EndGlobalSection
	GlobalSection(ProjectConfigurationPlatforms) = postSolution
		{06F4DBC6-3711-48CE-B2CF-5824018BC72C}.DLL Debug|Win32.ActiveCfg = DLL Debug|Win32
		{06F4DBC6-3711-48CE-B2CF-5824018BC72C}.DLL Debug|Win32.Build.0 = DLL Debug|Win32
		{06F4DBC6-3711-48CE-B2CF-5824018BC72C}.DLL Release|Win32.ActiveCfg = DLL Release|Win32
		{06F4DBC6-3711-48CE-B2CF-5824018BC72C}.DLL Release|Win32.Build.0 = DLL Release|Win32
		{06F4DBC6-3711-48CE-B2CF-5824018BC72C}.Lib Debug|Win32.ActiveCfg = DLL Release|Win32
		{06F4DBC6-3711-48CE-B2CF-5824018BC72C}.Lib Debug|Win32.Build.0 = DLL Release|Win32
		{06F4DBC6-3711-48CE-B2CF-5824018BC72C}.Lib Release|Win32.ActiveCfg = DLL Release|Win32
		{06F4DBC6-3711-48CE-B2CF-5824018BC72C}.Lib Release|Win32.Build.0 = DLL Release|Win32
		{6AA1F0B5-8235-4C5E-AF10-AC905963F36D}.DLL Debug|Win32.ActiveCfg = DLL Debug|Win32
		{6AA1F0B5-8235-4C5E-AF10-AC905963F36D}.DLL Debug|Win32.Build.0 = DLL Debug|Win32
		{6AA1F0B5-8235-4C5E-AF10-AC905963F36D}.DLL Release|Win32.ActiveCfg = DLL Release|Win32
		{6AA1F0B5-8235-4C5E-AF10-AC905963F36D}.DLL Release|Win32.Build.0 = DLL Release|Win32
		{6AA1F0B5-8235-4C5E-AF10-AC905963F36D}.Lib Debug|Win32.ActiveCfg = Lib Debug|Win32
		{6AA1F0B5-8235-4C5E-AF10-AC905963F36D}.Lib Debug|Win32.Build.0 = Lib Debug|Win32
		{6AA1F0B5-8235-4C5E-AF10-AC905963F36D}.Lib Release|Win32.ActiveCfg = Lib Release|Win32
		{6AA1F0B5-8235-4C5E-AF10-AC905963F36D}.Lib Release|Win32.Build.0 = Lib Release|Win32
		{3EED7235-2F4E-4D98-9408-74F1ED102689}.DLL Debug|Win32.ActiveCfg = DLL Debug|Win32
		{3EED7235-2F4E-4D98-9408-74F1ED102689}.DLL Debug|Win32.Build.0 = DLL Debug|Win32
		{3EED7235-2F4E-4D98-9408-74F1ED102689}.DLL Release|Win32.ActiveCfg = DLL Release|Win32
		{3EED7235-2F4E-4D98-9408-74F1ED102689}.DLL Release|Win32.Build.0 = DLL Release|Win32
		{3EED7235-2F4E-4D98-9408-74F1ED102689}.Lib Debug|Win32.ActiveCfg = LIB Debug|Win32
		{3EED7235-2F4E-4D98-9408-74F1ED102689}.Lib Debug|Win32.Build.0 = LIB Debug|Win32
		{3EED7235-2F4E-4D98-9408-74F1ED102689}.Lib Release|Win32.ActiveCfg = LIB Release|Win32
		{3EED7235-2F4E-4D98-9408-74F1ED102689}.Lib Release|Win32.Build.0 = LIB Release|Win32
		{8CA5BEF4-265F-4544-90F3-5C41D4D55C15}.DLL Debug|Win32.ActiveCfg = DLL Debug|Win32
		{8CA5BEF4-265F-4544-90F3-5C41D4D55C15}.DLL Debug|Win32.Build.0 = DLL Debug|Win32
		{8CA5BEF4-265F-4544-90F3-5C41D4D55C15}.DLL Release|Win32.ActiveCfg = DLL Release|Win32
		{8CA5BEF4-265F-4544-90F3-5C41D4D55C15}.DLL Release|Win32.Build.0 = DLL Release|Win32
		{8CA5BEF4-265F-4544-90F3-5C41D4D55C15}.Lib Debug|Win32.ActiveCfg = LIB Debug|Win32
		{8CA5BEF4-265F-4544-90F3-5C41D4D55C15}.Lib Debug|Win32.Build.0 = LIB Debug|Win32
		{8CA5BEF4-265F-4544-90F3-5C41D4D55C15}.Lib Release|Win32.ActiveCfg = LIB Release|Win32
		{8CA5BEF4-265F-4544-90F3-5C41D4D55C15}.Lib Release|Win32.Build.0 = LIB Release|Win32
	EndGlobalSection
	GlobalSection(SolutionProperties) = preSolution
		HideSolutionNode = FALSE
	EndGlobalSection
EndGlobal
